
Microsoft Visual Studio Solution File, Format Version 12.00
# Visual Studio Version 17
VisualStudioVersion = 17.8.34511.84
MinimumVisualStudioVersion = 10.0.40219.1
Project("{FAE04EC0-301F-11D3-BF4B-00C04F79EFBC}") = "CRUDAPPLICATION", "CRUDAPPLICATION\CRUDAPPLICATION.csproj", "{C118695C-A3FF-4D99-B3C3-9AB42247868F}"
EndProject
Global
	GlobalSection(SolutionConfigurationPlatforms) = preSolution
		Debug|Any CPU = Debug|Any CPU
		Release|Any CPU = Release|Any CPU
	EndGlobalSection
	GlobalSection(ProjectConfigurationPlatforms) = postSolution
		{C118695C-A3FF-4D99-B3C3-9AB42247868F}.Debug|Any CPU.ActiveCfg = Debug|Any CPU
		{C118695C-A3FF-4D99-B3C3-9AB42247868F}.Debug|Any CPU.Build.0 = Debug|Any CPU
		{C118695C-A3FF-4D99-B3C3-9AB42247868F}.Release|Any CPU.ActiveCfg = Release|Any CPU
		{C118695C-A3FF-4D99-B3C3-9AB42247868F}.Release|Any CPU.Build.0 = Release|Any CPU
	EndGlobalSection
	GlobalSection(SolutionProperties) = preSolution
		HideSolutionNode = FALSE
	EndGlobalSection
	GlobalSection(ExtensibilityGlobals) = postSolution
		SolutionGuid = {9310162A-C982-46B2-B8DB-D541B0AF56B4}
	EndGlobalSection
EndGlobal
